
Microsoft Visual Studio Solution File, Format Version 11.00
# Visual Studio 2010
Project("{8BC9CEB8-8B4A-11D0-8D11-00A0C91BC942}") = "ChangeSize", "ChangeSize\ChangeSize.vcxproj", "{AA1D8C29-68EB-4B21-885B-913D1C3EB855}"
EndProject
Global
	GlobalSection(SolutionConfigurationPlatforms) = preSolution
		Debug|Win32 = Debug|Win32
		Release|Win32 = Release|Win32
	EndGlobalSection
	GlobalSection(ProjectConfigurationPlatforms) = postSolution
		{AA1D8C29-68EB-4B21-885B-913D1C3EB855}.Debug|Win32.ActiveCfg = Debug|Win32
		{AA1D8C29-68EB-4B21-885B-913D1C3EB855}.Debug|Win32.Build.0 = Debug|Win32
		{AA1D8C29-68EB-4B21-885B-913D1C3EB855}.Release|Win32.ActiveCfg = Release|Win32
		{AA1D8C29-68EB-4B21-885B-913D1C3EB855}.Release|Win32.Build.0 = Release|Win32
	EndGlobalSection
	GlobalSection(SolutionProperties) = preSolution
		HideSolutionNode = FALSE
	EndGlobalSection
EndGlobal
