
Microsoft Visual Studio Solution File, Format Version 11.00
# Visual Studio 2010
Project("{8BC9CEB8-8B4A-11D0-8D11-00A0C91BC942}") = "AesPKCS5Padding", "AesPKCS5Padding.vcxproj", "{42EE4DD8-D6C6-483B-9173-B6309848143E}"
EndProject
Global
	GlobalSection(SolutionConfigurationPlatforms) = preSolution
		Debug|Win32 = Debug|Win32
		Release|Win32 = Release|Win32
	EndGlobalSection
	GlobalSection(ProjectConfigurationPlatforms) = postSolution
		{42EE4DD8-D6C6-483B-9173-B6309848143E}.Debug|Win32.ActiveCfg = Debug|Win32
		{42EE4DD8-D6C6-483B-9173-B6309848143E}.Debug|Win32.Build.0 = Debug|Win32
		{42EE4DD8-D6C6-483B-9173-B6309848143E}.Release|Win32.ActiveCfg = Release|Win32
		{42EE4DD8-D6C6-483B-9173-B6309848143E}.Release|Win32.Build.0 = Release|Win32
	EndGlobalSection
	GlobalSection(SolutionProperties) = preSolution
		HideSolutionNode = FALSE
	EndGlobalSection
EndGlobal
